github.com/gethinode/mod-csp v1.0.2 h1:KX8EeoCGbHhGSo5r0YIa9BmPZ6S6v7L9CChTejREkK4=
github.com/gethinode/mod-csp v1.0.2/go.mod h1:Nb22QMicoUHgZQUKP5TCgVrSI8K3KU7jLuLBShmotjg=
github.com/gethinode/mod-csp v1.0.3 h1:tRmnuVZ3UpCc9HR8qsAwbU0OJ/UsNVSbse0SZuwGcCg=
github.com/gethinode/mod-csp v1.0.3/go.mod h1:Nb22QMicoUHgZQUKP5TCgVrSI8K3KU7jLuLBShmotjg=
