github.com/gethinode/mod-csp v1.0.2 h1:KX8EeoCGbHhGSo5r0YIa9BmPZ6S6v7L9CChTejREkK4=
github.com/gethinode/mod-csp v1.0.2/go.mod h1:Nb22QMicoUHgZQUKP5TCgVrSI8K3KU7jLuLBShmotjg=
github.com/gethinode/mod-csp v1.0.3 h1:tRmnuVZ3UpCc9HR8qsAwbU0OJ/UsNVSbse0SZuwGcCg=
github.com/gethinode/mod-csp v1.0.3/go.mod h1:Nb22QMicoUHgZQUKP5TCgVrSI8K3KU7jLuLBShmotjg=
github.com/gethinode/mod-csp v1.0.4 h1:ChI+DMkkkCF5tKs+K9VSqdsXPS01/QANQiJ2LoJp10o=
github.com/gethinode/mod-csp v1.0.4/go.mod h1:Nb22QMicoUHgZQUKP5TCgVrSI8K3KU7jLuLBShmotjg=
github.com/gethinode/mod-csp v1.0.5 h1:Ypdzw26iQ9/4sAgHvwFY1mg/EMoLrcI2knvVmHq2Ffs=
github.com/gethinode/mod-csp v1.0.5/go.mod h1:Nb22QMicoUHgZQUKP5TCgVrSI8K3KU7jLuLBShmotjg=
github.com/gethinode/mod-csp v1.0.6 h1:ufEKQldQe9ZCXbENTpwqVlYnPRgVv3WDhPjur5OLUEA=
github.com/gethinode/mod-csp v1.0.6/go.mod h1:Nb22QMicoUHgZQUKP5TCgVrSI8K3KU7jLuLBShmotjg=
github.com/gethinode/mod-csp v1.0.7 h1:V4D8vYA/jJ2Nv9kPz5gt96fkVd3NtT7sBqVhnG5TvAU=
github.com/gethinode/mod-csp v1.0.7/go.mod h1:Nb22QMicoUHgZQUKP5TCgVrSI8K3KU7jLuLBShmotjg=
